
Microsoft Visual Studio Solution File, Format Version 12.00
# Visual Studio 15
Project("{FAE04EC0-301F-11D3-BF4B-00C04F79EFBC}") = "Assembly-CSharp-firstpass", "Assembly-CSharp-firstpass.csproj", "{8494BCDF-C9D9-8450-8BD0-D83618B7EEB2}"
EndProject
Project("{FAE04EC0-301F-11D3-BF4B-00C04F79EFBC}") = "Zenject", "Zenject.csproj", "{EB555643-D392-CAE7-2230-4DA1BA6C7587}"
EndProject
Project("{FAE04EC0-301F-11D3-BF4B-00C04F79EFBC}") = "UniRx", "UniRx.csproj", "{C3426E37-4E25-0F55-E947-7649CF59ABDF}"
EndProject
Project("{FAE04EC0-301F-11D3-BF4B-00C04F79EFBC}") = "Assembly-CSharp", "Assembly-CSharp.csproj", "{C246C488-97E0-7643-4900-269BF715F55C}"
EndProject
Project("{FAE04EC0-301F-11D3-BF4B-00C04F79EFBC}") = "NavMeshComponentsExamples", "NavMeshComponentsExamples.csproj", "{CA8080EF-D78C-C974-BC4D-E12DFD80E9BB}"
EndProject
Project("{FAE04EC0-301F-11D3-BF4B-00C04F79EFBC}") = "NavMeshComponentsTestsPlaymode", "NavMeshComponentsTestsPlaymode.csproj", "{5151E932-8052-9022-4C61-4B907A466E42}"
EndProject
Project("{FAE04EC0-301F-11D3-BF4B-00C04F79EFBC}") = "NavMeshComponents", "NavMeshComponents.csproj", "{49AE0914-394D-66E0-623E-ECFE4BE5EE6F}"
EndProject
Project("{FAE04EC0-301F-11D3-BF4B-00C04F79EFBC}") = "Assembly-CSharp-Editor-firstpass", "Assembly-CSharp-Editor-firstpass.csproj", "{7065D308-CA98-2E94-FC4B-142CC675C859}"
EndProject
Project("{FAE04EC0-301F-11D3-BF4B-00C04F79EFBC}") = "Zenject-Editor", "Zenject-Editor.csproj", "{2BE1FE35-FA8C-F559-197A-12ABB64A390A}"
EndProject
Project("{FAE04EC0-301F-11D3-BF4B-00C04F79EFBC}") = "NavMeshComponentsEditor", "NavMeshComponentsEditor.csproj", "{3B4CF3D9-6507-9B26-4C29-A0A3BDC6571C}"
EndProject
Project("{FAE04EC0-301F-11D3-BF4B-00C04F79EFBC}") = "NavMeshComponentsTestsEditmode", "NavMeshComponentsTestsEditmode.csproj", "{DEFABB16-2781-455B-918E-42A47892E985}"
EndProject
Project("{FAE04EC0-301F-11D3-BF4B-00C04F79EFBC}") = "NavMeshComponentsExamplesEditor", "NavMeshComponentsExamplesEditor.csproj", "{41FE4D80-1501-201C-80E2-7CF53A48699C}"
EndProject
Global
	GlobalSection(SolutionConfigurationPlatforms) = preSolution
		Debug|Any CPU = Debug|Any CPU
		Release|Any CPU = Release|Any CPU
	EndGlobalSection
	GlobalSection(ProjectConfigurationPlatforms) = postSolution
		{8494BCDF-C9D9-8450-8BD0-D83618B7EEB2}.Debug|Any CPU.ActiveCfg = Debug|Any CPU
		{8494BCDF-C9D9-8450-8BD0-D83618B7EEB2}.Debug|Any CPU.Build.0 = Debug|Any CPU
		{8494BCDF-C9D9-8450-8BD0-D83618B7EEB2}.Release|Any CPU.ActiveCfg = Release|Any CPU
		{8494BCDF-C9D9-8450-8BD0-D83618B7EEB2}.Release|Any CPU.Build.0 = Release|Any CPU
		{EB555643-D392-CAE7-2230-4DA1BA6C7587}.Debug|Any CPU.ActiveCfg = Debug|Any CPU
		{EB555643-D392-CAE7-2230-4DA1BA6C7587}.Debug|Any CPU.Build.0 = Debug|Any CPU
		{EB555643-D392-CAE7-2230-4DA1BA6C7587}.Release|Any CPU.ActiveCfg = Release|Any CPU
		{EB555643-D392-CAE7-2230-4DA1BA6C7587}.Release|Any CPU.Build.0 = Release|Any CPU
		{C3426E37-4E25-0F55-E947-7649CF59ABDF}.Debug|Any CPU.ActiveCfg = Debug|Any CPU
		{C3426E37-4E25-0F55-E947-7649CF59ABDF}.Debug|Any CPU.Build.0 = Debug|Any CPU
		{C3426E37-4E25-0F55-E947-7649CF59ABDF}.Release|Any CPU.ActiveCfg = Release|Any CPU
		{C3426E37-4E25-0F55-E947-7649CF59ABDF}.Release|Any CPU.Build.0 = Release|Any CPU
		{C246C488-97E0-7643-4900-269BF715F55C}.Debug|Any CPU.ActiveCfg = Debug|Any CPU
		{C246C488-97E0-7643-4900-269BF715F55C}.Debug|Any CPU.Build.0 = Debug|Any CPU
		{C246C488-97E0-7643-4900-269BF715F55C}.Release|Any CPU.ActiveCfg = Release|Any CPU
		{C246C488-97E0-7643-4900-269BF715F55C}.Release|Any CPU.Build.0 = Release|Any CPU
		{CA8080EF-D78C-C974-BC4D-E12DFD80E9BB}.Debug|Any CPU.ActiveCfg = Debug|Any CPU
		{CA8080EF-D78C-C974-BC4D-E12DFD80E9BB}.Debug|Any CPU.Build.0 = Debug|Any CPU
		{CA8080EF-D78C-C974-BC4D-E12DFD80E9BB}.Release|Any CPU.ActiveCfg = Release|Any CPU
		{CA8080EF-D78C-C974-BC4D-E12DFD80E9BB}.Release|Any CPU.Build.0 = Release|Any CPU
		{5151E932-8052-9022-4C61-4B907A466E42}.Debug|Any CPU.ActiveCfg = Debug|Any CPU
		{5151E932-8052-9022-4C61-4B907A466E42}.Debug|Any CPU.Build.0 = Debug|Any CPU
		{5151E932-8052-9022-4C61-4B907A466E42}.Release|Any CPU.ActiveCfg = Release|Any CPU
		{5151E932-8052-9022-4C61-4B907A466E42}.Release|Any CPU.Build.0 = Release|Any CPU
		{49AE0914-394D-66E0-623E-ECFE4BE5EE6F}.Debug|Any CPU.ActiveCfg = Debug|Any CPU
		{49AE0914-394D-66E0-623E-ECFE4BE5EE6F}.Debug|Any CPU.Build.0 = Debug|Any CPU
		{49AE0914-394D-66E0-623E-ECFE4BE5EE6F}.Release|Any CPU.ActiveCfg = Release|Any CPU
		{49AE0914-394D-66E0-623E-ECFE4BE5EE6F}.Release|Any CPU.Build.0 = Release|Any CPU
		{7065D308-CA98-2E94-FC4B-142CC675C859}.Debug|Any CPU.ActiveCfg = Debug|Any CPU
		{7065D308-CA98-2E94-FC4B-142CC675C859}.Debug|Any CPU.Build.0 = Debug|Any CPU
		{7065D308-CA98-2E94-FC4B-142CC675C859}.Release|Any CPU.ActiveCfg = Release|Any CPU
		{7065D308-CA98-2E94-FC4B-142CC675C859}.Release|Any CPU.Build.0 = Release|Any CPU
		{2BE1FE35-FA8C-F559-197A-12ABB64A390A}.Debug|Any CPU.ActiveCfg = Debug|Any CPU
		{2BE1FE35-FA8C-F559-197A-12ABB64A390A}.Debug|Any CPU.Build.0 = Debug|Any CPU
		{2BE1FE35-FA8C-F559-197A-12ABB64A390A}.Release|Any CPU.ActiveCfg = Release|Any CPU
		{2BE1FE35-FA8C-F559-197A-12ABB64A390A}.Release|Any CPU.Build.0 = Release|Any CPU
		{3B4CF3D9-6507-9B26-4C29-A0A3BDC6571C}.Debug|Any CPU.ActiveCfg = Debug|Any CPU
		{3B4CF3D9-6507-9B26-4C29-A0A3BDC6571C}.Debug|Any CPU.Build.0 = Debug|Any CPU
		{3B4CF3D9-6507-9B26-4C29-A0A3BDC6571C}.Release|Any CPU.ActiveCfg = Release|Any CPU
		{3B4CF3D9-6507-9B26-4C29-A0A3BDC6571C}.Release|Any CPU.Build.0 = Release|Any CPU
		{DEFABB16-2781-455B-918E-42A47892E985}.Debug|Any CPU.ActiveCfg = Debug|Any CPU
		{DEFABB16-2781-455B-918E-42A47892E985}.Debug|Any CPU.Build.0 = Debug|Any CPU
		{DEFABB16-2781-455B-918E-42A47892E985}.Release|Any CPU.ActiveCfg = Release|Any CPU
		{DEFABB16-2781-455B-918E-42A47892E985}.Release|Any CPU.Build.0 = Release|Any CPU
		{41FE4D80-1501-201C-80E2-7CF53A48699C}.Debug|Any CPU.ActiveCfg = Debug|Any CPU
		{41FE4D80-1501-201C-80E2-7CF53A48699C}.Debug|Any CPU.Build.0 = Debug|Any CPU
		{41FE4D80-1501-201C-80E2-7CF53A48699C}.Release|Any CPU.ActiveCfg = Release|Any CPU
		{41FE4D80-1501-201C-80E2-7CF53A48699C}.Release|Any CPU.Build.0 = Release|Any CPU
	EndGlobalSection
	GlobalSection(SolutionProperties) = preSolution
		HideSolutionNode = FALSE
	EndGlobalSection
EndGlobal
